
Microsoft Visual Studio Solution File, Format Version 12.00
# Visual Studio 15
VisualStudioVersion = 15.0.27130.2027
MinimumVisualStudioVersion = 10.0.40219.1
Project("{FAE04EC0-301F-11D3-BF4B-00C04F79EFBC}") = "CardLibrary", "CardLibrary\CardLibrary.csproj", "{54303C3E-5C1F-44AA-A21B-5F75032AD46E}"
EndProject
Project("{FAE04EC0-301F-11D3-BF4B-00C04F79EFBC}") = "ConsoleAppClient", "ConsoleAppClient\ConsoleAppClient.csproj", "{6271D22F-FA8D-4B55-B545-729FB753B267}"
EndProject
Global
	GlobalSection(SolutionConfigurationPlatforms) = preSolution
		Debug|Any CPU = Debug|Any CPU
		Release|Any CPU = Release|Any CPU
	EndGlobalSection
	GlobalSection(ProjectConfigurationPlatforms) = postSolution
		{54303C3E-5C1F-44AA-A21B-5F75032AD46E}.Debug|Any CPU.ActiveCfg = Debug|Any CPU
		{54303C3E-5C1F-44AA-A21B-5F75032AD46E}.Debug|Any CPU.Build.0 = Debug|Any CPU
		{54303C3E-5C1F-44AA-A21B-5F75032AD46E}.Release|Any CPU.ActiveCfg = Release|Any CPU
		{54303C3E-5C1F-44AA-A21B-5F75032AD46E}.Release|Any CPU.Build.0 = Release|Any CPU
		{6271D22F-FA8D-4B55-B545-729FB753B267}.Debug|Any CPU.ActiveCfg = Debug|Any CPU
		{6271D22F-FA8D-4B55-B545-729FB753B267}.Debug|Any CPU.Build.0 = Debug|Any CPU
		{6271D22F-FA8D-4B55-B545-729FB753B267}.Release|Any CPU.ActiveCfg = Release|Any CPU
		{6271D22F-FA8D-4B55-B545-729FB753B267}.Release|Any CPU.Build.0 = Release|Any CPU
	EndGlobalSection
	GlobalSection(SolutionProperties) = preSolution
		HideSolutionNode = FALSE
	EndGlobalSection
	GlobalSection(ExtensibilityGlobals) = postSolution
		SolutionGuid = {175164BF-2BD7-461A-91D1-299B6D43C946}
	EndGlobalSection
EndGlobal
